
Microsoft Visual Studio Solution File, Format Version 12.00
# Visual Studio Version 16
VisualStudioVersion = 16.0.31605.320
MinimumVisualStudioVersion = 10.0.40219.1
Project("{FAE04EC0-301F-11D3-BF4B-00C04F79EFBC}") = "A2-5-Output", "A2-5-Output\A2-5-Output.csproj", "{77EA430E-BCD5-41A5-B2C1-DB3B91D4930F}"
EndProject
Global
	GlobalSection(SolutionConfigurationPlatforms) = preSolution
		Debug|Any CPU = Debug|Any CPU
		Release|Any CPU = Release|Any CPU
	EndGlobalSection
	GlobalSection(ProjectConfigurationPlatforms) = postSolution
		{77EA430E-BCD5-41A5-B2C1-DB3B91D4930F}.Debug|Any CPU.ActiveCfg = Debug|Any CPU
		{77EA430E-BCD5-41A5-B2C1-DB3B91D4930F}.Debug|Any CPU.Build.0 = Debug|Any CPU
		{77EA430E-BCD5-41A5-B2C1-DB3B91D4930F}.Release|Any CPU.ActiveCfg = Release|Any CPU
		{77EA430E-BCD5-41A5-B2C1-DB3B91D4930F}.Release|Any CPU.Build.0 = Release|Any CPU
	EndGlobalSection
	GlobalSection(SolutionProperties) = preSolution
		HideSolutionNode = FALSE
	EndGlobalSection
	GlobalSection(ExtensibilityGlobals) = postSolution
		SolutionGuid = {C6F1A3D6-B118-472C-B4A6-55592A245851}
	EndGlobalSection
EndGlobal
